
Microsoft Visual Studio Solution File, Format Version 12.00
# Visual Studio Version 17
VisualStudioVersion = 17.4.33122.133
MinimumVisualStudioVersion = 10.0.40219.1
Project("{FAE04EC0-301F-11D3-BF4B-00C04F79EFBC}") = "Hello_ASPNET_CORE", "Hello_ASPNET_CORE\Hello_ASPNET_CORE.csproj", "{8CFC11E8-FAC8-4524-AF39-28F1D6686787}"
EndProject
Global
	GlobalSection(SolutionConfigurationPlatforms) = preSolution
		Debug|Any CPU = Debug|Any CPU
		Release|Any CPU = Release|Any CPU
	EndGlobalSection
	GlobalSection(ProjectConfigurationPlatforms) = postSolution
		{8CFC11E8-FAC8-4524-AF39-28F1D6686787}.Debug|Any CPU.ActiveCfg = Debug|Any CPU
		{8CFC11E8-FAC8-4524-AF39-28F1D6686787}.Debug|Any CPU.Build.0 = Debug|Any CPU
		{8CFC11E8-FAC8-4524-AF39-28F1D6686787}.Release|Any CPU.ActiveCfg = Release|Any CPU
		{8CFC11E8-FAC8-4524-AF39-28F1D6686787}.Release|Any CPU.Build.0 = Release|Any CPU
	EndGlobalSection
	GlobalSection(SolutionProperties) = preSolution
		HideSolutionNode = FALSE
	EndGlobalSection
	GlobalSection(ExtensibilityGlobals) = postSolution
		SolutionGuid = {620D9B22-9694-45EA-81E2-652DFDF984AB}
	EndGlobalSection
EndGlobal
